
Microsoft Visual Studio Solution File, Format Version 12.00
# Visual Studio Version 16
VisualStudioVersion = 16.0.30804.86
MinimumVisualStudioVersion = 15.0.26124.0
Project("{9A19103F-16F7-4668-BE54-9A1E7A4F7556}") = "ApplicationShell", "ApplicationShell\ApplicationShell.csproj", "{FF61E7E0-D122-4062-8F19-EF4C2072AA32}"
EndProject
Project("{9A19103F-16F7-4668-BE54-9A1E7A4F7556}") = "Blog", "Blog\Blog.csproj", "{B7F52A8C-54A3-4E55-8A9C-D78D1F922712}"
EndProject
Project("{9A19103F-16F7-4668-BE54-9A1E7A4F7556}") = "User", "User\User.csproj", "{6904AEDE-CC5F-4F11-A175-67D3DB258EED}"
EndProject
Project("{9A19103F-16F7-4668-BE54-9A1E7A4F7556}") = "Common", "..\Common\Common.csproj", "{D23D9F30-1570-4AAD-B28D-3B760C5C133B}"
EndProject
Global
	GlobalSection(SolutionConfigurationPlatforms) = preSolution
		Debug|Any CPU = Debug|Any CPU
		Debug|x64 = Debug|x64
		Debug|x86 = Debug|x86
		Release|Any CPU = Release|Any CPU
		Release|x64 = Release|x64
		Release|x86 = Release|x86
	EndGlobalSection
	GlobalSection(ProjectConfigurationPlatforms) = postSolution
		{FF61E7E0-D122-4062-8F19-EF4C2072AA32}.Debug|Any CPU.ActiveCfg = Debug|Any CPU
		{FF61E7E0-D122-4062-8F19-EF4C2072AA32}.Debug|Any CPU.Build.0 = Debug|Any CPU
		{FF61E7E0-D122-4062-8F19-EF4C2072AA32}.Debug|x64.ActiveCfg = Debug|Any CPU
		{FF61E7E0-D122-4062-8F19-EF4C2072AA32}.Debug|x64.Build.0 = Debug|Any CPU
		{FF61E7E0-D122-4062-8F19-EF4C2072AA32}.Debug|x86.ActiveCfg = Debug|Any CPU
		{FF61E7E0-D122-4062-8F19-EF4C2072AA32}.Debug|x86.Build.0 = Debug|Any CPU
		{FF61E7E0-D122-4062-8F19-EF4C2072AA32}.Release|Any CPU.ActiveCfg = Release|Any CPU
		{FF61E7E0-D122-4062-8F19-EF4C2072AA32}.Release|Any CPU.Build.0 = Release|Any CPU
		{FF61E7E0-D122-4062-8F19-EF4C2072AA32}.Release|x64.ActiveCfg = Release|Any CPU
		{FF61E7E0-D122-4062-8F19-EF4C2072AA32}.Release|x64.Build.0 = Release|Any CPU
		{FF61E7E0-D122-4062-8F19-EF4C2072AA32}.Release|x86.ActiveCfg = Release|Any CPU
		{FF61E7E0-D122-4062-8F19-EF4C2072AA32}.Release|x86.Build.0 = Release|Any CPU
		{B7F52A8C-54A3-4E55-8A9C-D78D1F922712}.Debug|Any CPU.ActiveCfg = Debug|Any CPU
		{B7F52A8C-54A3-4E55-8A9C-D78D1F922712}.Debug|Any CPU.Build.0 = Debug|Any CPU
		{B7F52A8C-54A3-4E55-8A9C-D78D1F922712}.Debug|x64.ActiveCfg = Debug|Any CPU
		{B7F52A8C-54A3-4E55-8A9C-D78D1F922712}.Debug|x64.Build.0 = Debug|Any CPU
		{B7F52A8C-54A3-4E55-8A9C-D78D1F922712}.Debug|x86.ActiveCfg = Debug|Any CPU
		{B7F52A8C-54A3-4E55-8A9C-D78D1F922712}.Debug|x86.Build.0 = Debug|Any CPU
		{B7F52A8C-54A3-4E55-8A9C-D78D1F922712}.Release|Any CPU.ActiveCfg = Release|Any CPU
		{B7F52A8C-54A3-4E55-8A9C-D78D1F922712}.Release|Any CPU.Build.0 = Release|Any CPU
		{B7F52A8C-54A3-4E55-8A9C-D78D1F922712}.Release|x64.ActiveCfg = Release|Any CPU
		{B7F52A8C-54A3-4E55-8A9C-D78D1F922712}.Release|x64.Build.0 = Release|Any CPU
		{B7F52A8C-54A3-4E55-8A9C-D78D1F922712}.Release|x86.ActiveCfg = Release|Any CPU
		{B7F52A8C-54A3-4E55-8A9C-D78D1F922712}.Release|x86.Build.0 = Release|Any CPU
		{6904AEDE-CC5F-4F11-A175-67D3DB258EED}.Debug|Any CPU.ActiveCfg = Debug|Any CPU
		{6904AEDE-CC5F-4F11-A175-67D3DB258EED}.Debug|Any CPU.Build.0 = Debug|Any CPU
		{6904AEDE-CC5F-4F11-A175-67D3DB258EED}.Debug|x64.ActiveCfg = Debug|Any CPU
		{6904AEDE-CC5F-4F11-A175-67D3DB258EED}.Debug|x64.Build.0 = Debug|Any CPU
		{6904AEDE-CC5F-4F11-A175-67D3DB258EED}.Debug|x86.ActiveCfg = Debug|Any CPU
		{6904AEDE-CC5F-4F11-A175-67D3DB258EED}.Debug|x86.Build.0 = Debug|Any CPU
		{6904AEDE-CC5F-4F11-A175-67D3DB258EED}.Release|Any CPU.ActiveCfg = Release|Any CPU
		{6904AEDE-CC5F-4F11-A175-67D3DB258EED}.Release|Any CPU.Build.0 = Release|Any CPU
		{6904AEDE-CC5F-4F11-A175-67D3DB258EED}.Release|x64.ActiveCfg = Release|Any CPU
		{6904AEDE-CC5F-4F11-A175-67D3DB258EED}.Release|x64.Build.0 = Release|Any CPU
		{6904AEDE-CC5F-4F11-A175-67D3DB258EED}.Release|x86.ActiveCfg = Release|Any CPU
		{6904AEDE-CC5F-4F11-A175-67D3DB258EED}.Release|x86.Build.0 = Release|Any CPU
		{D23D9F30-1570-4AAD-B28D-3B760C5C133B}.Debug|Any CPU.ActiveCfg = Debug|Any CPU
		{D23D9F30-1570-4AAD-B28D-3B760C5C133B}.Debug|Any CPU.Build.0 = Debug|Any CPU
		{D23D9F30-1570-4AAD-B28D-3B760C5C133B}.Debug|x64.ActiveCfg = Debug|Any CPU
		{D23D9F30-1570-4AAD-B28D-3B760C5C133B}.Debug|x64.Build.0 = Debug|Any CPU
		{D23D9F30-1570-4AAD-B28D-3B760C5C133B}.Debug|x86.ActiveCfg = Debug|Any CPU
		{D23D9F30-1570-4AAD-B28D-3B760C5C133B}.Debug|x86.Build.0 = Debug|Any CPU
		{D23D9F30-1570-4AAD-B28D-3B760C5C133B}.Release|Any CPU.ActiveCfg = Release|Any CPU
		{D23D9F30-1570-4AAD-B28D-3B760C5C133B}.Release|Any CPU.Build.0 = Release|Any CPU
		{D23D9F30-1570-4AAD-B28D-3B760C5C133B}.Release|x64.ActiveCfg = Release|Any CPU
		{D23D9F30-1570-4AAD-B28D-3B760C5C133B}.Release|x64.Build.0 = Release|Any CPU
		{D23D9F30-1570-4AAD-B28D-3B760C5C133B}.Release|x86.ActiveCfg = Release|Any CPU
		{D23D9F30-1570-4AAD-B28D-3B760C5C133B}.Release|x86.Build.0 = Release|Any CPU
	EndGlobalSection
	GlobalSection(SolutionProperties) = preSolution
		HideSolutionNode = FALSE
	EndGlobalSection
	GlobalSection(ExtensibilityGlobals) = postSolution
		SolutionGuid = {44B67EDF-9CED-4CD4-B6FC-75E3EEFA62FD}
	EndGlobalSection
EndGlobal
